{
    "behat/mink-selenium2-driver": {
        "version": "v1.4.0"
    },
    "composer/ca-bundle": {
        "version": "1.2.8"
    },
    "composer/composer": {
        "version": "1.10.17"
    },
    "composer/metadata-minifier": {
        "version": "1.0.0"
    },
    "composer/spdx-licenses": {
        "version": "1.5.4"
    },
    "dnoegel/php-xdg-base-dir": {
        "version": "v0.1.1"
    },
    "doctrine/event-manager": {
        "version": "1.1.1"
    },
    "doctrine/persistence": {
        "version": "1.3.8"
    },
    "doctrine/reflection": {
        "version": "1.2.2"
    },
    "drupal/bcc": {
        "version": "3.0.0-beta1"
    },
    "drupal/config_filter": {
        "version": "1.8.0"
    },
    "drupal/config_split": {
        "version": "1.7.0"
    },
    "drupal/core": {
        "version": "8.9.10"
    },
    "drupal/core-composer-scaffold": {
        "version": "8.9.10"
    },
    "drupal/core-dev": {
        "version": "8.9.10"
    },
    "drupal/core-recommended": {
        "version": "8.9.10"
    },
    "drupal/editor_advanced_link": {
        "version": "1.8.0"
    },
    "drupal/entity_reference_revisions": {
        "version": "1.8.0"
    },
    "drupal/entity_usage": {
        "version": "2.0.0-beta3"
    },
    "drupal/imageapi_optimize": {
        "version": "4.0.0-beta1"
    },
    "drupal/imageapi_optimize_binaries": {
        "version": "1.0.0-alpha2"
    },
    "drupal/layout_paragraphs": {
        "version": "1.0.0-beta3"
    },
    "drupal/paragraphs": {
        "version": "1.12.0"
    },
    "drupal/paragraphs_viewmode": {
        "version": "1.0.0"
    },
    "drupal/r4032login": {
        "version": "1.1.0"
    },
    "drupal/seckit": {
        "version": "2.0.0"
    },
    "drupal/social_auth_hid": {
        "version": "2.5.0"
    },
    "drupal/stage_file_proxy": {
        "version": "1.1.0"
    },
    "enlightn/security-checker": {
        "version": "v1.9.0"
    },
    "ezyang/htmlpurifier": {
        "version": "v4.13.0"
    },
    "friends-of-behat/mink-browserkit-driver": {
        "version": "v1.5.0"
    },
    "instaclick/php-webdriver": {
        "version": "1.4.7"
    },
    "jcalderonzumba/gastonjs": {
        "version": "v1.2.0"
    },
    "jcalderonzumba/mink-phantomjs-driver": {
        "version": "v0.3.3"
    },
    "justinrainbow/json-schema": {
        "version": "5.2.10"
    },
    "kint-php/kint": {
        "version": "3.3"
    },
    "maennchen/zipstream-php": {
        "version": "2.1.0"
    },
    "markbaker/complex": {
        "version": "2.0.0"
    },
    "markbaker/matrix": {
        "version": "2.0.0"
    },
    "mikey179/vfsstream": {
        "version": "v1.6.8"
    },
    "myclabs/php-enum": {
        "version": "1.7.7"
    },
    "php": {
        "version": "7.3"
    },
    "phpoffice/phpspreadsheet": {
        "version": "1.15.0"
    },
    "psr/cache": {
        "version": "1.0.1"
    },
    "psr/http-client": {
        "version": "1.0.1"
    },
    "psr/http-factory": {
        "version": "1.0.1"
    },
    "psr/simple-cache": {
        "version": "1.0.1"
    },
    "react/promise": {
        "version": "v2.8.0"
    },
    "sebastian/type": {
        "version": "1.1.4"
    },
    "seld/jsonlint": {
        "version": "1.8.3"
    },
    "seld/phar-utils": {
        "version": "1.1.1"
    },
    "sirbrillig/phpcs-variable-analysis": {
        "version": "v2.9.0"
    },
    "symfony/class-loader": {
        "version": "v3.4.41"
    },
    "symfony/deprecation-contracts": {
        "version": "v2.4.0"
    },
    "symfony/error-handler": {
        "version": "v4.4.25"
    },
    "symfony/event-dispatcher-contracts": {
        "version": "v1.1.9"
    },
    "symfony/flex": {
        "version": "1.0",
        "recipe": {
            "repo": "github.com/symfony/recipes",
            "branch": "master",
            "version": "1.0",
            "ref": "c0eeb50665f0f77226616b6038a9b06c03752d8e"
        },
        "files": [
            ".env"
        ]
    },
    "symfony/http-client-contracts": {
        "version": "v2.4.0"
    },
    "symfony/lock": {
        "version": "v3.4.47"
    },
    "symfony/mime": {
        "version": "v5.3.0"
    },
    "symfony/phpunit-bridge": {
        "version": "3.3",
        "recipe": {
            "repo": "github.com/symfony/recipes",
            "branch": "master",
            "version": "3.3",
            "ref": "7e941371431f5245d05c6490ada44c17eb0d27ed"
        },
        "files": [
            ".env.test",
            "bin/phpunit",
            "phpunit.xml.dist",
            "tests/bootstrap.php"
        ]
    },
    "symfony/polyfill-intl-normalizer": {
        "version": "v1.23.0"
    },
    "symfony/polyfill-php56": {
        "version": "v1.17.0"
    },
    "symfony/polyfill-php70": {
        "version": "v1.17.0"
    },
    "symfony/polyfill-php73": {
        "version": "v1.23.0"
    },
    "symfony/polyfill-php81": {
        "version": "v1.23.0"
    },
    "symfony/polyfill-util": {
        "version": "v1.17.0"
    },
    "symfony/service-contracts": {
        "version": "v2.4.0"
    },
    "symfony/translation-contracts": {
        "version": "v2.4.0"
    }
}
